
Microsoft Visual Studio Solution File, Format Version 12.00
# Visual Studio Version 17
VisualStudioVersion = 17.14.36518.9
MinimumVisualStudioVersion = 10.0.40219.1
Project("{FAE04EC0-301F-11D3-BF4B-00C04F79EFBC}") = "Grupo N°7 - Libreta Sanitaria", "Grupo N°7 - Libreta Sanitaria\Grupo N°7 - Libreta Sanitaria.csproj", "{E92445F6-AAFD-48AA-84F7-B1EC3A4D6620}"
EndProject
Project("{FAE04EC0-301F-11D3-BF4B-00C04F79EFBC}") = "Biblioteca de Clases", "Biblioeta de Clases\Biblioteca de Clases.csproj", "{C73DEC97-9BF0-4064-A30A-49FF235EB491}"
EndProject
Global
	GlobalSection(SolutionConfigurationPlatforms) = preSolution
		Debug|Any CPU = Debug|Any CPU
		Release|Any CPU = Release|Any CPU
	EndGlobalSection
	GlobalSection(ProjectConfigurationPlatforms) = postSolution
		{E92445F6-AAFD-48AA-84F7-B1EC3A4D6620}.Debug|Any CPU.ActiveCfg = Debug|Any CPU
		{E92445F6-AAFD-48AA-84F7-B1EC3A4D6620}.Debug|Any CPU.Build.0 = Debug|Any CPU
		{E92445F6-AAFD-48AA-84F7-B1EC3A4D6620}.Release|Any CPU.ActiveCfg = Release|Any CPU
		{E92445F6-AAFD-48AA-84F7-B1EC3A4D6620}.Release|Any CPU.Build.0 = Release|Any CPU
		{C73DEC97-9BF0-4064-A30A-49FF235EB491}.Debug|Any CPU.ActiveCfg = Debug|Any CPU
		{C73DEC97-9BF0-4064-A30A-49FF235EB491}.Debug|Any CPU.Build.0 = Debug|Any CPU
		{C73DEC97-9BF0-4064-A30A-49FF235EB491}.Release|Any CPU.ActiveCfg = Release|Any CPU
		{C73DEC97-9BF0-4064-A30A-49FF235EB491}.Release|Any CPU.Build.0 = Release|Any CPU
	EndGlobalSection
	GlobalSection(SolutionProperties) = preSolution
		HideSolutionNode = FALSE
	EndGlobalSection
	GlobalSection(ExtensibilityGlobals) = postSolution
		SolutionGuid = {79BC0E52-DD39-43FB-B45B-2054994F958A}
	EndGlobalSection
EndGlobal
